
Microsoft Visual Studio Solution File, Format Version 12.00
# Visual Studio 15
VisualStudioVersion = 15.0.27130.2027
MinimumVisualStudioVersion = 10.0.40219.1
Project("{FAE04EC0-301F-11D3-BF4B-00C04F79EFBC}") = "WindowsFormsApp3", "WindowsFormsApp3\WindowsFormsApp3.csproj", "{DEE61986-C18D-4CC6-961C-1FB2D2F78E0C}"
EndProject
Global
	GlobalSection(SolutionConfigurationPlatforms) = preSolution
		Debug|Any CPU = Debug|Any CPU
		Release|Any CPU = Release|Any CPU
	EndGlobalSection
	GlobalSection(ProjectConfigurationPlatforms) = postSolution
		{DEE61986-C18D-4CC6-961C-1FB2D2F78E0C}.Debug|Any CPU.ActiveCfg = Debug|Any CPU
		{DEE61986-C18D-4CC6-961C-1FB2D2F78E0C}.Debug|Any CPU.Build.0 = Debug|Any CPU
		{DEE61986-C18D-4CC6-961C-1FB2D2F78E0C}.Release|Any CPU.ActiveCfg = Release|Any CPU
		{DEE61986-C18D-4CC6-961C-1FB2D2F78E0C}.Release|Any CPU.Build.0 = Release|Any CPU
	EndGlobalSection
	GlobalSection(SolutionProperties) = preSolution
		HideSolutionNode = FALSE
	EndGlobalSection
	GlobalSection(ExtensibilityGlobals) = postSolution
		SolutionGuid = {E59B2518-B5C7-4C37-A8E5-E98BD716D7E7}
	EndGlobalSection
EndGlobal
